# This file is generated by running "yarn install" inside your project.
# Manual changes might be lost - proceed with caution!

__metadata:
  version: 8
  cacheKey: 10c0

"@electric-sql/pglite@npm:^0.3.3":
  version: 0.3.3
  resolution: "@electric-sql/pglite@npm:0.3.3"
  checksum: 10c0/40bb132cdcb55442c69d735e7b3e6c5413358f17dce37661c1f214e5e6d19ebad666dc7cb963158781affad08c46d05d5bded4e63d9c322de5cc9b0c339d2597
  languageName: node
  linkType: hard

"@types/lodash@npm:^4.17.17":
  version: 4.17.17
  resolution: "@types/lodash@npm:4.17.17"
  checksum: 10c0/8e75df02a15f04d4322c5a503e4efd0e7a92470570ce80f17e9f11ce2b1f1a7c994009c9bcff39f07e0f9ffd8ccaff09b3598997c404b801abd5a7eee5a639dc
  languageName: node
  linkType: hard

"@types/node@npm:*":
  version: 24.0.1
  resolution: "@types/node@npm:24.0.1"
  dependencies:
    undici-types: "npm:~7.8.0"
  checksum: 10c0/91cd50d1ac32a2172cbc67b65c78391fbd469b24743e3665427aa60bebaf4620cb9ac2e91c09a8081a78d08855c00faca659c287c1725ce8ca5e80ece3a20520
  languageName: node
  linkType: hard

"@types/pg@npm:^8.15.4":
  version: 8.15.4
  resolution: "@types/pg@npm:8.15.4"
  dependencies:
    "@types/node": "npm:*"
    pg-protocol: "npm:*"
    pg-types: "npm:^2.2.0"
  checksum: 10c0/7f9295cb2d934681bba84f7caad529c3b100d87e83ad0732c7fe496f4f79e42a795097321db54e010fcff22cb5e410cf683b4c9941907ee4564c822242816e91
  languageName: node
  linkType: hard

"ansi-regex@npm:^5.0.1":
  version: 5.0.1
  resolution: "ansi-regex@npm:5.0.1"
  checksum: 10c0/9a64bb8627b434ba9327b60c027742e5d17ac69277960d041898596271d992d4d52ba7267a63ca10232e29f6107fc8a835f6ce8d719b88c5f8493f8254813737
  languageName: node
  linkType: hard

"ansi-styles@npm:^4.0.0":
  version: 4.3.0
  resolution: "ansi-styles@npm:4.3.0"
  dependencies:
    color-convert: "npm:^2.0.1"
  checksum: 10c0/895a23929da416f2bd3de7e9cb4eabd340949328ab85ddd6e484a637d8f6820d485f53933446f5291c3b760cbc488beb8e88573dd0f9c7daf83dccc8fe81b041
  languageName: node
  linkType: hard

"cli_installation_tool@workspace:.":
  version: 0.0.0-use.local
  resolution: "cli_installation_tool@workspace:."
  dependencies:
    "@electric-sql/pglite": "npm:^0.3.3"
    "@types/lodash": "npm:^4.17.17"
    "@types/pg": "npm:^8.15.4"
    dotenv: "npm:^16.5.0"
    lodash: "npm:^4.17.21"
    pg: "npm:^8.16.0"
    pg-connection-string: "npm:^2.9.1"
    yaml: "npm:^2.8.0"
    yargs: "npm:^17.7.2"
    zod: "npm:^3.25.64"
  languageName: unknown
  linkType: soft

"cliui@npm:^8.0.1":
  version: 8.0.1
  resolution: "cliui@npm:8.0.1"
  dependencies:
    string-width: "npm:^4.2.0"
    strip-ansi: "npm:^6.0.1"
    wrap-ansi: "npm:^7.0.0"
  checksum: 10c0/4bda0f09c340cbb6dfdc1ed508b3ca080f12992c18d68c6be4d9cf51756033d5266e61ec57529e610dacbf4da1c634423b0c1b11037709cc6b09045cbd815df5
  languageName: node
  linkType: hard

"color-convert@npm:^2.0.1":
  version: 2.0.1
  resolution: "color-convert@npm:2.0.1"
  dependencies:
    color-name: "npm:~1.1.4"
  checksum: 10c0/37e1150172f2e311fe1b2df62c6293a342ee7380da7b9cfdba67ea539909afbd74da27033208d01d6d5cfc65ee7868a22e18d7e7648e004425441c0f8a15a7d7
  languageName: node
  linkType: hard

"color-name@npm:~1.1.4":
  version: 1.1.4
  resolution: "color-name@npm:1.1.4"
  checksum: 10c0/a1a3f914156960902f46f7f56bc62effc6c94e84b2cae157a526b1c1f74b677a47ec602bf68a61abfa2b42d15b7c5651c6dbe72a43af720bc588dff885b10f95
  languageName: node
  linkType: hard

"dotenv@npm:^16.5.0":
  version: 16.5.0
  resolution: "dotenv@npm:16.5.0"
  checksum: 10c0/5bc94c919fbd955bf0ba44d33922a1e93d1078e64a1db5c30faeded1d996e7a83c55332cb8ea4fae5a9ca4d0be44cbceb95c5811e70f9f095298df09d1997dd9
  languageName: node
  linkType: hard

"emoji-regex@npm:^8.0.0":
  version: 8.0.0
  resolution: "emoji-regex@npm:8.0.0"
  checksum: 10c0/b6053ad39951c4cf338f9092d7bfba448cdfd46fe6a2a034700b149ac9ffbc137e361cbd3c442297f86bed2e5f7576c1b54cc0a6bf8ef5106cc62f496af35010
  languageName: node
  linkType: hard

"escalade@npm:^3.1.1":
  version: 3.2.0
  resolution: "escalade@npm:3.2.0"
  checksum: 10c0/ced4dd3a78e15897ed3be74e635110bbf3b08877b0a41be50dcb325ee0e0b5f65fc2d50e9845194d7c4633f327e2e1c6cce00a71b617c5673df0374201d67f65
  languageName: node
  linkType: hard

"get-caller-file@npm:^2.0.5":
  version: 2.0.5
  resolution: "get-caller-file@npm:2.0.5"
  checksum: 10c0/c6c7b60271931fa752aeb92f2b47e355eac1af3a2673f47c9589e8f8a41adc74d45551c1bc57b5e66a80609f10ffb72b6f575e4370d61cc3f7f3aaff01757cde
  languageName: node
  linkType: hard

"is-fullwidth-code-point@npm:^3.0.0":
  version: 3.0.0
  resolution: "is-fullwidth-code-point@npm:3.0.0"
  checksum: 10c0/bb11d825e049f38e04c06373a8d72782eee0205bda9d908cc550ccb3c59b99d750ff9537982e01733c1c94a58e35400661f57042158ff5e8f3e90cf936daf0fc
  languageName: node
  linkType: hard

"lodash@npm:^4.17.21":
  version: 4.17.21
  resolution: "lodash@npm:4.17.21"
  checksum: 10c0/d8cbea072bb08655bb4c989da418994b073a608dffa608b09ac04b43a791b12aeae7cd7ad919aa4c925f33b48490b5cfe6c1f71d827956071dae2e7bb3a6b74c
  languageName: node
  linkType: hard

"pg-cloudflare@npm:^1.2.5":
  version: 1.2.5
  resolution: "pg-cloudflare@npm:1.2.5"
  checksum: 10c0/48b9105ef027c7b3f57ef88ceaec3634cd82120059bd68273cce06989a1ec547e0b0fbb5d1afdd0711824f409c8b410f9bdec2f6c8034728992d3658c0b36f86
  languageName: node
  linkType: hard

"pg-connection-string@npm:^2.9.0":
  version: 2.9.0
  resolution: "pg-connection-string@npm:2.9.0"
  checksum: 10c0/7145d00688200685a9d9931a7fc8d61c75f348608626aef88080ece956ceb4ff1cbdee29c3284e41b7a3345bab0e4f50f9edc256e270bfa3a563af4ea78bb490
  languageName: node
  linkType: hard

"pg-connection-string@npm:^2.9.1":
  version: 2.9.1
  resolution: "pg-connection-string@npm:2.9.1"
  checksum: 10c0/9a646529bbc0843806fc5de98ce93735a4612b571f11867178a85665d11989a827e6fd157388ca0e34ec948098564fce836c178cfd499b9f0e8cd9972b8e2e5c
  languageName: node
  linkType: hard

"pg-int8@npm:1.0.1":
  version: 1.0.1
  resolution: "pg-int8@npm:1.0.1"
  checksum: 10c0/be6a02d851fc2a4ae3e9de81710d861de3ba35ac927268973eb3cb618873a05b9424656df464dd43bd7dc3fc5295c3f5b3c8349494f87c7af50ec59ef14e0b98
  languageName: node
  linkType: hard

"pg-pool@npm:^3.10.0":
  version: 3.10.0
  resolution: "pg-pool@npm:3.10.0"
  peerDependencies:
    pg: ">=8.0"
  checksum: 10c0/b36162dc98c0ad88cd26f3d65f3e3932c3f870abe7a88905f16fc98282e8131692903e482720ebc9698cb08851c9b19242ff16a50af7f9434c8bb0b5d33a9a9a
  languageName: node
  linkType: hard

"pg-protocol@npm:*, pg-protocol@npm:^1.10.0":
  version: 1.10.0
  resolution: "pg-protocol@npm:1.10.0"
  checksum: 10c0/7d0d64fe9df50262d907fd476454e1e36f41f5f66044c3ba6aa773fb8add1d350a9c162306e5c33e99bdfbdcc1140dd4ca74f66eda41d0aaceb5853244dcdb65
  languageName: node
  linkType: hard

"pg-types@npm:2.2.0, pg-types@npm:^2.2.0":
  version: 2.2.0
  resolution: "pg-types@npm:2.2.0"
  dependencies:
    pg-int8: "npm:1.0.1"
    postgres-array: "npm:~2.0.0"
    postgres-bytea: "npm:~1.0.0"
    postgres-date: "npm:~1.0.4"
    postgres-interval: "npm:^1.1.0"
  checksum: 10c0/ab3f8069a323f601cd2d2279ca8c425447dab3f9b61d933b0601d7ffc00d6200df25e26a4290b2b0783b59278198f7dd2ed03e94c4875797919605116a577c65
  languageName: node
  linkType: hard

"pg@npm:^8.16.0":
  version: 8.16.0
  resolution: "pg@npm:8.16.0"
  dependencies:
    pg-cloudflare: "npm:^1.2.5"
    pg-connection-string: "npm:^2.9.0"
    pg-pool: "npm:^3.10.0"
    pg-protocol: "npm:^1.10.0"
    pg-types: "npm:2.2.0"
    pgpass: "npm:1.0.5"
  peerDependencies:
    pg-native: ">=3.0.1"
  dependenciesMeta:
    pg-cloudflare:
      optional: true
  peerDependenciesMeta:
    pg-native:
      optional: true
  checksum: 10c0/24542229c7e5cbf69d654de32e8cdc8302c73f1338e56728543cb16364fb319d5689e03fa704b69a208105c7065c867cfccb9dbccccea2020bb5c64ead785713
  languageName: node
  linkType: hard

"pgpass@npm:1.0.5":
  version: 1.0.5
  resolution: "pgpass@npm:1.0.5"
  dependencies:
    split2: "npm:^4.1.0"
  checksum: 10c0/5ea6c9b2de04c33abb08d33a2dded303c4a3c7162a9264519cbe85c0a9857d712463140ba42fad0c7cd4b21f644dd870b45bb2e02fcbe505b4de0744fd802c1d
  languageName: node
  linkType: hard

"postgres-array@npm:~2.0.0":
  version: 2.0.0
  resolution: "postgres-array@npm:2.0.0"
  checksum: 10c0/cbd56207e4141d7fbf08c86f2aebf21fa7064943d3f808ec85f442ff94b48d891e7a144cc02665fb2de5dbcb9b8e3183a2ac749959e794b4a4cfd379d7a21d08
  languageName: node
  linkType: hard

"postgres-bytea@npm:~1.0.0":
  version: 1.0.0
  resolution: "postgres-bytea@npm:1.0.0"
  checksum: 10c0/febf2364b8a8953695cac159eeb94542ead5886792a9627b97e33f6b5bb6e263bc0706ab47ec221516e79fbd6b2452d668841830fb3b49ec6c0fc29be61892ce
  languageName: node
  linkType: hard

"postgres-date@npm:~1.0.4":
  version: 1.0.7
  resolution: "postgres-date@npm:1.0.7"
  checksum: 10c0/0ff91fccc64003e10b767fcfeefb5eaffbc522c93aa65d5051c49b3c4ce6cb93ab091a7d22877a90ad60b8874202c6f1d0f935f38a7235ed3b258efd54b97ca9
  languageName: node
  linkType: hard

"postgres-interval@npm:^1.1.0":
  version: 1.2.0
  resolution: "postgres-interval@npm:1.2.0"
  dependencies:
    xtend: "npm:^4.0.0"
  checksum: 10c0/c1734c3cb79e7f22579af0b268a463b1fa1d084e742a02a7a290c4f041e349456f3bee3b4ee0bb3f226828597f7b76deb615c1b857db9a742c45520100456272
  languageName: node
  linkType: hard

"require-directory@npm:^2.1.1":
  version: 2.1.1
  resolution: "require-directory@npm:2.1.1"
  checksum: 10c0/83aa76a7bc1531f68d92c75a2ca2f54f1b01463cb566cf3fbc787d0de8be30c9dbc211d1d46be3497dac5785fe296f2dd11d531945ac29730643357978966e99
  languageName: node
  linkType: hard

"split2@npm:^4.1.0":
  version: 4.2.0
  resolution: "split2@npm:4.2.0"
  checksum: 10c0/b292beb8ce9215f8c642bb68be6249c5a4c7f332fc8ecadae7be5cbdf1ea95addc95f0459ef2e7ad9d45fd1064698a097e4eb211c83e772b49bc0ee423e91534
  languageName: node
  linkType: hard

"string-width@npm:^4.1.0, string-width@npm:^4.2.0, string-width@npm:^4.2.3":
  version: 4.2.3
  resolution: "string-width@npm:4.2.3"
  dependencies:
    emoji-regex: "npm:^8.0.0"
    is-fullwidth-code-point: "npm:^3.0.0"
    strip-ansi: "npm:^6.0.1"
  checksum: 10c0/1e525e92e5eae0afd7454086eed9c818ee84374bb80328fc41217ae72ff5f065ef1c9d7f72da41de40c75fa8bb3dee63d92373fd492c84260a552c636392a47b
  languageName: node
  linkType: hard

"strip-ansi@npm:^6.0.0, strip-ansi@npm:^6.0.1":
  version: 6.0.1
  resolution: "strip-ansi@npm:6.0.1"
  dependencies:
    ansi-regex: "npm:^5.0.1"
  checksum: 10c0/1ae5f212a126fe5b167707f716942490e3933085a5ff6c008ab97ab2f272c8025d3aa218b7bd6ab25729ca20cc81cddb252102f8751e13482a5199e873680952
  languageName: node
  linkType: hard

"undici-types@npm:~7.8.0":
  version: 7.8.0
  resolution: "undici-types@npm:7.8.0"
  checksum: 10c0/9d9d246d1dc32f318d46116efe3cfca5a72d4f16828febc1918d94e58f6ffcf39c158aa28bf5b4fc52f410446bc7858f35151367bd7a49f21746cab6497b709b
  languageName: node
  linkType: hard

"wrap-ansi@npm:^7.0.0":
  version: 7.0.0
  resolution: "wrap-ansi@npm:7.0.0"
  dependencies:
    ansi-styles: "npm:^4.0.0"
    string-width: "npm:^4.1.0"
    strip-ansi: "npm:^6.0.0"
  checksum: 10c0/d15fc12c11e4cbc4044a552129ebc75ee3f57aa9c1958373a4db0292d72282f54373b536103987a4a7594db1ef6a4f10acf92978f79b98c49306a4b58c77d4da
  languageName: node
  linkType: hard

"xtend@npm:^4.0.0":
  version: 4.0.2
  resolution: "xtend@npm:4.0.2"
  checksum: 10c0/366ae4783eec6100f8a02dff02ac907bf29f9a00b82ac0264b4d8b832ead18306797e283cf19de776538babfdcb2101375ec5646b59f08c52128ac4ab812ed0e
  languageName: node
  linkType: hard

"y18n@npm:^5.0.5":
  version: 5.0.8
  resolution: "y18n@npm:5.0.8"
  checksum: 10c0/4df2842c36e468590c3691c894bc9cdbac41f520566e76e24f59401ba7d8b4811eb1e34524d57e54bc6d864bcb66baab7ffd9ca42bf1eda596618f9162b91249
  languageName: node
  linkType: hard

"yaml@npm:^2.8.0":
  version: 2.8.0
  resolution: "yaml@npm:2.8.0"
  bin:
    yaml: bin.mjs
  checksum: 10c0/f6f7310cf7264a8107e72c1376f4de37389945d2fb4656f8060eca83f01d2d703f9d1b925dd8f39852a57034fafefde6225409ddd9f22aebfda16c6141b71858
  languageName: node
  linkType: hard

"yargs-parser@npm:^21.1.1":
  version: 21.1.1
  resolution: "yargs-parser@npm:21.1.1"
  checksum: 10c0/f84b5e48169479d2f402239c59f084cfd1c3acc197a05c59b98bab067452e6b3ea46d4dd8ba2985ba7b3d32a343d77df0debd6b343e5dae3da2aab2cdf5886b2
  languageName: node
  linkType: hard

"yargs@npm:^17.7.2":
  version: 17.7.2
  resolution: "yargs@npm:17.7.2"
  dependencies:
    cliui: "npm:^8.0.1"
    escalade: "npm:^3.1.1"
    get-caller-file: "npm:^2.0.5"
    require-directory: "npm:^2.1.1"
    string-width: "npm:^4.2.3"
    y18n: "npm:^5.0.5"
    yargs-parser: "npm:^21.1.1"
  checksum: 10c0/ccd7e723e61ad5965fffbb791366db689572b80cca80e0f96aad968dfff4156cd7cd1ad18607afe1046d8241e6fb2d6c08bf7fa7bfb5eaec818735d8feac8f05
  languageName: node
  linkType: hard

"zod@npm:^3.25.64":
  version: 3.25.64
  resolution: "zod@npm:3.25.64"
  checksum: 10c0/00d76093a999e377e4ffd037fa7185e861c35917e8c4272f514115c206a0654995168f57fb71708b11e0a9243206d988b7f63b543404e1796402e50d346a6bd7
  languageName: node
  linkType: hard
